{
  "pins" : [
    {
      "identity" : "filepreviews",
      "kind" : "remoteSourceControl",
      "location" : "https://github.com/ntsh/FilePreviews.git",
      "state" : {
        "revision" : "fc0afe8a263dc9610c1928983636e119e89e6175",
        "version" : "0.1.0"
      }
    }
  ],
  "version" : 2
}
