// !$*UTF8*$!
{
	archiveVersion = 1;
	classes = {
	};
	objectVersion = 52;
	objects = {

/* Begin PBXBuildFile section */
		784B2E3128FF348B00B869D7 /* DirectoryBrowser in Frameworks */ = {isa = PBXBuildFile; productRef = 784B2E3028FF348B00B869D7 /* DirectoryBrowser */; };
		78B22CF928FC2E0B009E922A /* FilePreviews in Frameworks */ = {isa = PBXBuildFile; productRef = 78B22CF828FC2E0B009E922A /* FilePreviews */; };
		CD5202532564901B005D463C /* SwiftuiappApp.swift in Sources */ = {isa = PBXBuildFile; fileRef = CD5202522564901B005D463C /* SwiftuiappApp.swift */; };
		CD5202572564901F005D463C /* Assets.xcassets in Resources */ = {isa = PBXBuildFile; fileRef = CD5202562564901F005D463C /* Assets.xcassets */; };
		CD52025A2564901F005D463C /* Preview Assets.xcassets in Resources */ = {isa = PBXBuildFile; fileRef = CD5202592564901F005D463C /* Preview Assets.xcassets */; };
		CDF3BA3A26764D10004143DD /* PhotosUI.framework in Frameworks */ = {isa = PBXBuildFile; fileRef = CDF3BA3926764D10004143DD /* PhotosUI.framework */; };
/* End PBXBuildFile section */

/* Begin PBXFileReference section */
		784B2E2F28FF318C00B869D7 /* DirectoryBrowser */ = {isa = PBXFileReference; lastKnownFileType = wrapper; path = DirectoryBrowser; sourceTree = "<group>"; };
		CD52024F2564901B005D463C /* Swiftuiapp.app */ = {isa = PBXFileReference; explicitFileType = wrapper.application; includeInIndex = 0; path = Swiftuiapp.app; sourceTree = BUILT_PRODUCTS_DIR; };
		CD5202522564901B005D463C /* SwiftuiappApp.swift */ = {isa = PBXFileReference; lastKnownFileType = sourcecode.swift; path = SwiftuiappApp.swift; sourceTree = "<group>"; };
		CD5202562564901F005D463C /* Assets.xcassets */ = {isa = PBXFileReference; lastKnownFileType = folder.assetcatalog; path = Assets.xcassets; sourceTree = "<group>"; };
		CD5202592564901F005D463C /* Preview Assets.xcassets */ = {isa = PBXFileReference; lastKnownFileType = folder.assetcatalog; path = "Preview Assets.xcassets"; sourceTree = "<group>"; };
		CD5202602564901F005D463C /* Info.plist */ = {isa = PBXFileReference; lastKnownFileType = text.plist.xml; path = Info.plist; sourceTree = "<group>"; };
		CDF3BA3726764CC8004143DD /* Photos.framework */ = {isa = PBXFileReference; lastKnownFileType = wrapper.framework; name = Photos.framework; path = System/Library/Frameworks/Photos.framework; sourceTree = SDKROOT; };
		CDF3BA3926764D10004143DD /* PhotosUI.framework */ = {isa = PBXFileReference; lastKnownFileType = wrapper.framework; name = PhotosUI.framework; path = System/Library/Frameworks/PhotosUI.framework; sourceTree = SDKROOT; };
/* End PBXFileReference section */

/* Begin PBXFrameworksBuildPhase section */
		CD52024C2564901B005D463C /* Frameworks */ = {
			isa = PBXFrameworksBuildPhase;
			buildActionMask = 2147483647;
			files = (
				CDF3BA3A26764D10004143DD /* PhotosUI.framework in Frameworks */,
				784B2E3128FF348B00B869D7 /* DirectoryBrowser in Frameworks */,
				78B22CF928FC2E0B009E922A /* FilePreviews in Frameworks */,
			);
			runOnlyForDeploymentPostprocessing = 0;
		};
/* End PBXFrameworksBuildPhase section */

/* Begin PBXGroup section */
		78CD443728EA355B00E22E53 /* Packages */ = {
			isa = PBXGroup;
			children = (
				784B2E2F28FF318C00B869D7 /* DirectoryBrowser */,
			);
			name = Packages;
			sourceTree = "<group>";
		};
		CD2F442225671C4700C9F244 /* Resources */ = {
			isa = PBXGroup;
			children = (
				CD5202562564901F005D463C /* Assets.xcassets */,
			);
			path = Resources;
			sourceTree = "<group>";
		};
		CD5202462564901B005D463C = {
			isa = PBXGroup;
			children = (
				78CD443728EA355B00E22E53 /* Packages */,
				CD5202512564901B005D463C /* Swiftuiapp */,
				CD5202502564901B005D463C /* Products */,
				CDF3BA3626764CC8004143DD /* Frameworks */,
			);
			sourceTree = "<group>";
			usesTabs = 0;
		};
		CD5202502564901B005D463C /* Products */ = {
			isa = PBXGroup;
			children = (
				CD52024F2564901B005D463C /* Swiftuiapp.app */,
			);
			name = Products;
			sourceTree = "<group>";
		};
		CD5202512564901B005D463C /* Swiftuiapp */ = {
			isa = PBXGroup;
			children = (
				CD5202602564901F005D463C /* Info.plist */,
				CD5202522564901B005D463C /* SwiftuiappApp.swift */,
				CD5202582564901F005D463C /* Preview Content */,
				CD2F442225671C4700C9F244 /* Resources */,
			);
			path = Swiftuiapp;
			sourceTree = "<group>";
		};
		CD5202582564901F005D463C /* Preview Content */ = {
			isa = PBXGroup;
			children = (
				CD5202592564901F005D463C /* Preview Assets.xcassets */,
			);
			path = "Preview Content";
			sourceTree = "<group>";
		};
		CDF3BA3626764CC8004143DD /* Frameworks */ = {
			isa = PBXGroup;
			children = (
				CDF3BA3926764D10004143DD /* PhotosUI.framework */,
				CDF3BA3726764CC8004143DD /* Photos.framework */,
			);
			name = Frameworks;
			sourceTree = "<group>";
		};
/* End PBXGroup section */

/* Begin PBXNativeTarget section */
		CD52024E2564901B005D463C /* Swiftuiapp */ = {
			isa = PBXNativeTarget;
			buildConfigurationList = CD5202792564901F005D463C /* Build configuration list for PBXNativeTarget "Swiftuiapp" */;
			buildPhases = (
				CD52024B2564901B005D463C /* Sources */,
				CD52024C2564901B005D463C /* Frameworks */,
				CD52024D2564901B005D463C /* Resources */,
			);
			buildRules = (
			);
			dependencies = (
			);
			name = Swiftuiapp;
			packageProductDependencies = (
				78B22CF828FC2E0B009E922A /* FilePreviews */,
				784B2E3028FF348B00B869D7 /* DirectoryBrowser */,
			);
			productName = Swiftuiapp;
			productReference = CD52024F2564901B005D463C /* Swiftuiapp.app */;
			productType = "com.apple.product-type.application";
		};
/* End PBXNativeTarget section */

/* Begin PBXProject section */
		CD5202472564901B005D463C /* Project object */ = {
			isa = PBXProject;
			attributes = {
				LastSwiftUpdateCheck = 1200;
				LastUpgradeCheck = 1200;
				TargetAttributes = {
					CD52024E2564901B005D463C = {
						CreatedOnToolsVersion = 12.0;
					};
				};
			};
			buildConfigurationList = CD52024A2564901B005D463C /* Build configuration list for PBXProject "Swiftuiapp" */;
			compatibilityVersion = "Xcode 9.3";
			developmentRegion = en;
			hasScannedForEncodings = 0;
			knownRegions = (
				en,
				Base,
			);
			mainGroup = CD5202462564901B005D463C;
			packageReferences = (
				78B22CF728FC2E0B009E922A /* XCRemoteSwiftPackageReference "FilePreviews" */,
			);
			productRefGroup = CD5202502564901B005D463C /* Products */;
			projectDirPath = "";
			projectRoot = "";
			targets = (
				CD52024E2564901B005D463C /* Swiftuiapp */,
			);
		};
/* End PBXProject section */

/* Begin PBXResourcesBuildPhase section */
		CD52024D2564901B005D463C /* Resources */ = {
			isa = PBXResourcesBuildPhase;
			buildActionMask = 2147483647;
			files = (
				CD52025A2564901F005D463C /* Preview Assets.xcassets in Resources */,
				CD5202572564901F005D463C /* Assets.xcassets in Resources */,
			);
			runOnlyForDeploymentPostprocessing = 0;
		};
/* End PBXResourcesBuildPhase section */

/* Begin PBXSourcesBuildPhase section */
		CD52024B2564901B005D463C /* Sources */ = {
			isa = PBXSourcesBuildPhase;
			buildActionMask = 2147483647;
			files = (
				CD5202532564901B005D463C /* SwiftuiappApp.swift in Sources */,
			);
			runOnlyForDeploymentPostprocessing = 0;
		};
/* End PBXSourcesBuildPhase section */

/* Begin XCBuildConfiguration section */
		CD5202772564901F005D463C /* Debug */ = {
			isa = XCBuildConfiguration;
			buildSettings = {
				ALWAYS_SEARCH_USER_PATHS = NO;
				CLANG_ANALYZER_NONNULL = YES;
				CLANG_ANALYZER_NUMBER_OBJECT_CONVERSION = YES_AGGRESSIVE;
				CLANG_CXX_LANGUAGE_STANDARD = "gnu++14";
				CLANG_CXX_LIBRARY = "libc++";
				CLANG_ENABLE_MODULES = YES;
				CLANG_ENABLE_OBJC_ARC = YES;
				CLANG_ENABLE_OBJC_WEAK = YES;
				CLANG_WARN_BLOCK_CAPTURE_AUTORELEASING = YES;
				CLANG_WARN_BOOL_CONVERSION = YES;
				CLANG_WARN_COMMA = YES;
				CLANG_WARN_CONSTANT_CONVERSION = YES;
				CLANG_WARN_DEPRECATED_OBJC_IMPLEMENTATIONS = YES;
				CLANG_WARN_DIRECT_OBJC_ISA_USAGE = YES_ERROR;
				CLANG_WARN_DOCUMENTATION_COMMENTS = YES;
				CLANG_WARN_EMPTY_BODY = YES;
				CLANG_WARN_ENUM_CONVERSION = YES;
				CLANG_WARN_INFINITE_RECURSION = YES;
				CLANG_WARN_INT_CONVERSION = YES;
				CLANG_WARN_NON_LITERAL_NULL_CONVERSION = YES;
				CLANG_WARN_OBJC_IMPLICIT_RETAIN_SELF = YES;
				CLANG_WARN_OBJC_LITERAL_CONVERSION = YES;
				CLANG_WARN_OBJC_ROOT_CLASS = YES_ERROR;
				CLANG_WARN_QUOTED_INCLUDE_IN_FRAMEWORK_HEADER = YES;
				CLANG_WARN_RANGE_LOOP_ANALYSIS = YES;
				CLANG_WARN_STRICT_PROTOTYPES = YES;
				CLANG_WARN_SUSPICIOUS_MOVE = YES;
				CLANG_WARN_UNGUARDED_AVAILABILITY = YES_AGGRESSIVE;
				CLANG_WARN_UNREACHABLE_CODE = YES;
				CLANG_WARN__DUPLICATE_METHOD_MATCH = YES;
				COPY_PHASE_STRIP = NO;
				DEBUG_INFORMATION_FORMAT = dwarf;
				ENABLE_STRICT_OBJC_MSGSEND = YES;
				ENABLE_TESTABILITY = YES;
				GCC_C_LANGUAGE_STANDARD = gnu11;
				GCC_DYNAMIC_NO_PIC = NO;
				GCC_NO_COMMON_BLOCKS = YES;
				GCC_OPTIMIZATION_LEVEL = 0;
				GCC_PREPROCESSOR_DEFINITIONS = (
					"DEBUG=1",
					"$(inherited)",
				);
				GCC_WARN_64_TO_32_BIT_CONVERSION = YES;
				GCC_WARN_ABOUT_RETURN_TYPE = YES_ERROR;
				GCC_WARN_UNDECLARED_SELECTOR = YES;
				GCC_WARN_UNINITIALIZED_AUTOS = YES_AGGRESSIVE;
				GCC_WARN_UNUSED_FUNCTION = YES;
				GCC_WARN_UNUSED_VARIABLE = YES;
				IPHONEOS_DEPLOYMENT_TARGET = 15.0;
				MTL_ENABLE_DEBUG_INFO = INCLUDE_SOURCE;
				MTL_FAST_MATH = YES;
				ONLY_ACTIVE_ARCH = YES;
				SDKROOT = iphoneos;
				SWIFT_ACTIVE_COMPILATION_CONDITIONS = DEBUG;
				SWIFT_OPTIMIZATION_LEVEL = "-Onone";
			};
			name = Debug;
		};
		CD5202782564901F005D463C /* Release */ = {
			isa = XCBuildConfiguration;
			buildSettings = {
				ALWAYS_SEARCH_USER_PATHS = NO;
				CLANG_ANALYZER_NONNULL = YES;
				CLANG_ANALYZER_NUMBER_OBJECT_CONVERSION = YES_AGGRESSIVE;
				CLANG_CXX_LANGUAGE_STANDARD = "gnu++14";
				CLANG_CXX_LIBRARY = "libc++";
				CLANG_ENABLE_MODULES = YES;
				CLANG_ENABLE_OBJC_ARC = YES;
				CLANG_ENABLE_OBJC_WEAK = YES;
				CLANG_WARN_BLOCK_CAPTURE_AUTORELEASING = YES;
				CLANG_WARN_BOOL_CONVERSION = YES;
				CLANG_WARN_COMMA = YES;
				CLANG_WARN_CONSTANT_CONVERSION = YES;
				CLANG_WARN_DEPRECATED_OBJC_IMPLEMENTATIONS = YES;
				CLANG_WARN_DIRECT_OBJC_ISA_USAGE = YES_ERROR;
				CLANG_WARN_DOCUMENTATION_COMMENTS = YES;
				CLANG_WARN_EMPTY_BODY = YES;
				CLANG_WARN_ENUM_CONVERSION = YES;
				CLANG_WARN_INFINITE_RECURSION = YES;
				CLANG_WARN_INT_CONVERSION = YES;
				CLANG_WARN_NON_LITERAL_NULL_CONVERSION = YES;
				CLANG_WARN_OBJC_IMPLICIT_RETAIN_SELF = YES;
				CLANG_WARN_OBJC_LITERAL_CONVERSION = YES;
				CLANG_WARN_OBJC_ROOT_CLASS = YES_ERROR;
				CLANG_WARN_QUOTED_INCLUDE_IN_FRAMEWORK_HEADER = YES;
				CLANG_WARN_RANGE_LOOP_ANALYSIS = YES;
				CLANG_WARN_STRICT_PROTOTYPES = YES;
				CLANG_WARN_SUSPICIOUS_MOVE = YES;
				CLANG_WARN_UNGUARDED_AVAILABILITY = YES_AGGRESSIVE;
				CLANG_WARN_UNREACHABLE_CODE = YES;
				CLANG_WARN__DUPLICATE_METHOD_MATCH = YES;
				COPY_PHASE_STRIP = NO;
				DEBUG_INFORMATION_FORMAT = "dwarf-with-dsym";
				ENABLE_NS_ASSERTIONS = NO;
				ENABLE_STRICT_OBJC_MSGSEND = YES;
				GCC_C_LANGUAGE_STANDARD = gnu11;
				GCC_NO_COMMON_BLOCKS = YES;
				GCC_WARN_64_TO_32_BIT_CONVERSION = YES;
				GCC_WARN_ABOUT_RETURN_TYPE = YES_ERROR;
				GCC_WARN_UNDECLARED_SELECTOR = YES;
				GCC_WARN_UNINITIALIZED_AUTOS = YES_AGGRESSIVE;
				GCC_WARN_UNUSED_FUNCTION = YES;
				GCC_WARN_UNUSED_VARIABLE = YES;
				IPHONEOS_DEPLOYMENT_TARGET = 15.0;
				MTL_ENABLE_DEBUG_INFO = NO;
				MTL_FAST_MATH = YES;
				SDKROOT = iphoneos;
				SWIFT_COMPILATION_MODE = wholemodule;
				SWIFT_OPTIMIZATION_LEVEL = "-O";
				VALIDATE_PRODUCT = YES;
			};
			name = Release;
		};
		CD52027A2564901F005D463C /* Debug */ = {
			isa = XCBuildConfiguration;
			buildSettings = {
				ASSETCATALOG_COMPILER_APPICON_NAME = AppIcon;
				ASSETCATALOG_COMPILER_GLOBAL_ACCENT_COLOR_NAME = AccentColor;
				CODE_SIGN_STYLE = Automatic;
				DEVELOPMENT_ASSET_PATHS = "\"Swiftuiapp/Preview Content\"";
				ENABLE_PREVIEWS = YES;
				INFOPLIST_FILE = Swiftuiapp/Info.plist;
				IPHONEOS_DEPLOYMENT_TARGET = 15.0;
				LD_RUNPATH_SEARCH_PATHS = (
					"$(inherited)",
					"@executable_path/Frameworks",
				);
				PRODUCT_BUNDLE_IDENTIFIER = in.ntsh.Swiftuiapp;
				PRODUCT_NAME = "$(TARGET_NAME)";
				SWIFT_VERSION = 5.0;
				TARGETED_DEVICE_FAMILY = "1,2";
			};
			name = Debug;
		};
		CD52027B2564901F005D463C /* Release */ = {
			isa = XCBuildConfiguration;
			buildSettings = {
				ASSETCATALOG_COMPILER_APPICON_NAME = AppIcon;
				ASSETCATALOG_COMPILER_GLOBAL_ACCENT_COLOR_NAME = AccentColor;
				CODE_SIGN_STYLE = Automatic;
				DEVELOPMENT_ASSET_PATHS = "\"Swiftuiapp/Preview Content\"";
				ENABLE_PREVIEWS = YES;
				INFOPLIST_FILE = Swiftuiapp/Info.plist;
				IPHONEOS_DEPLOYMENT_TARGET = 15.0;
				LD_RUNPATH_SEARCH_PATHS = (
					"$(inherited)",
					"@executable_path/Frameworks",
				);
				PRODUCT_BUNDLE_IDENTIFIER = in.ntsh.Swiftuiapp;
				PRODUCT_NAME = "$(TARGET_NAME)";
				SWIFT_VERSION = 5.0;
				TARGETED_DEVICE_FAMILY = "1,2";
			};
			name = Release;
		};
/* End XCBuildConfiguration section */

/* Begin XCConfigurationList section */
		CD52024A2564901B005D463C /* Build configuration list for PBXProject "Swiftuiapp" */ = {
			isa = XCConfigurationList;
			buildConfigurations = (
				CD5202772564901F005D463C /* Debug */,
				CD5202782564901F005D463C /* Release */,
			);
			defaultConfigurationIsVisible = 0;
			defaultConfigurationName = Release;
		};
		CD5202792564901F005D463C /* Build configuration list for PBXNativeTarget "Swiftuiapp" */ = {
			isa = XCConfigurationList;
			buildConfigurations = (
				CD52027A2564901F005D463C /* Debug */,
				CD52027B2564901F005D463C /* Release */,
			);
			defaultConfigurationIsVisible = 0;
			defaultConfigurationName = Release;
		};
/* End XCConfigurationList section */

/* Begin XCRemoteSwiftPackageReference section */
		78B22CF728FC2E0B009E922A /* XCRemoteSwiftPackageReference "FilePreviews" */ = {
			isa = XCRemoteSwiftPackageReference;
			repositoryURL = "https://github.com/ntsh/FilePreviews";
			requirement = {
				kind = upToNextMajorVersion;
				minimumVersion = 0.1.0;
			};
		};
/* End XCRemoteSwiftPackageReference section */

/* Begin XCSwiftPackageProductDependency section */
		784B2E3028FF348B00B869D7 /* DirectoryBrowser */ = {
			isa = XCSwiftPackageProductDependency;
			productName = DirectoryBrowser;
		};
		78B22CF828FC2E0B009E922A /* FilePreviews */ = {
			isa = XCSwiftPackageProductDependency;
			package = 78B22CF728FC2E0B009E922A /* XCRemoteSwiftPackageReference "FilePreviews" */;
			productName = FilePreviews;
		};
/* End XCSwiftPackageProductDependency section */
	};
	rootObject = CD5202472564901B005D463C /* Project object */;
}
