// !$*UTF8*$!
{
	archiveVersion = 1;
	classes = {
	};
	objectVersion = 50;
	objects = {

/* Begin PBXBuildFile section */
		CD17BA4B2630525C0066BA12 /* Formatters.swift in Sources */ = {isa = PBXBuildFile; fileRef = CD17BA4A2630525C0066BA12 /* Formatters.swift */; };
		CD2F442425671CB100C9F244 /* DocumentPicker.swift in Sources */ = {isa = PBXBuildFile; fileRef = CD2F442325671CB100C9F244 /* DocumentPicker.swift */; };
		CD5202532564901B005D463C /* SwiftuiappApp.swift in Sources */ = {isa = PBXBuildFile; fileRef = CD5202522564901B005D463C /* SwiftuiappApp.swift */; };
		CD5202552564901B005D463C /* ContentView.swift in Sources */ = {isa = PBXBuildFile; fileRef = CD5202542564901B005D463C /* ContentView.swift */; };
		CD5202572564901F005D463C /* Assets.xcassets in Resources */ = {isa = PBXBuildFile; fileRef = CD5202562564901F005D463C /* Assets.xcassets */; };
		CD52025A2564901F005D463C /* Preview Assets.xcassets in Resources */ = {isa = PBXBuildFile; fileRef = CD5202592564901F005D463C /* Preview Assets.xcassets */; };
		CD52025C2564901F005D463C /* Persistence.swift in Sources */ = {isa = PBXBuildFile; fileRef = CD52025B2564901F005D463C /* Persistence.swift */; };
		CD52025F2564901F005D463C /* Swiftuiapp.xcdatamodeld in Sources */ = {isa = PBXBuildFile; fileRef = CD52025D2564901F005D463C /* Swiftuiapp.xcdatamodeld */; };
		CD52026A2564901F005D463C /* SwiftuiappTests.swift in Sources */ = {isa = PBXBuildFile; fileRef = CD5202692564901F005D463C /* SwiftuiappTests.swift */; };
		CD5202752564901F005D463C /* SwiftuiappUITests.swift in Sources */ = {isa = PBXBuildFile; fileRef = CD5202742564901F005D463C /* SwiftuiappUITests.swift */; };
		CD535B4D2565CD45003AA085 /* HomeView.swift in Sources */ = {isa = PBXBuildFile; fileRef = CD535B4C2565CD45003AA085 /* HomeView.swift */; };
		CD569365264F91E000B1D509 /* DocumentDetailsViewModel.swift in Sources */ = {isa = PBXBuildFile; fileRef = CD569364264F91E000B1D509 /* DocumentDetailsViewModel.swift */; };
		CD569367264F934100B1D509 /* DocumentDetailsViewModelTests.swift in Sources */ = {isa = PBXBuildFile; fileRef = CD569366264F934100B1D509 /* DocumentDetailsViewModelTests.swift */; };
		CD56936B264FA36100B1D509 /* ShortTimestampFormatterTests.swift in Sources */ = {isa = PBXBuildFile; fileRef = CD56936A264FA36100B1D509 /* ShortTimestampFormatterTests.swift */; };
		CD56936D264FA51A00B1D509 /* DocumentSizeFormatterTests.swift in Sources */ = {isa = PBXBuildFile; fileRef = CD56936C264FA51A00B1D509 /* DocumentSizeFormatterTests.swift */; };
		CD6DD4BE262A2A03003CD1F6 /* Document.swift in Sources */ = {isa = PBXBuildFile; fileRef = CD6DD4BD262A2A03003CD1F6 /* Document.swift */; };
		CD6DD4C3262A2AC8003CD1F6 /* DocumentsStore.swift in Sources */ = {isa = PBXBuildFile; fileRef = CD6DD4C2262A2AC8003CD1F6 /* DocumentsStore.swift */; };
		CD6DD4C9262A3586003CD1F6 /* DocumentRow.swift in Sources */ = {isa = PBXBuildFile; fileRef = CD6DD4C8262A3586003CD1F6 /* DocumentRow.swift */; };
		CD6DD4CE262A37B7003CD1F6 /* DocumentDetails.swift in Sources */ = {isa = PBXBuildFile; fileRef = CD6DD4CD262A37B7003CD1F6 /* DocumentDetails.swift */; };
		CD9871BB262CCF0F00CB282E /* DocumentPreviewController.swift in Sources */ = {isa = PBXBuildFile; fileRef = CD9871BA262CCF0F00CB282E /* DocumentPreviewController.swift */; };
		CD9871C0262CD49900CB282E /* ThumbnailView.swift in Sources */ = {isa = PBXBuildFile; fileRef = CD9871BF262CD49900CB282E /* ThumbnailView.swift */; };
		CD9F0600264ECED400415152 /* DocumentAttributeRow.swift in Sources */ = {isa = PBXBuildFile; fileRef = CD9F05FF264ECED400415152 /* DocumentAttributeRow.swift */; };
		CDA1ECEE2665267E005BFB90 /* SortComparatorTests.swift in Sources */ = {isa = PBXBuildFile; fileRef = CDA1ECED2665267E005BFB90 /* SortComparatorTests.swift */; };
		CDA1ECF026654500005BFB90 /* DocumentManagerProtocol.swift in Sources */ = {isa = PBXBuildFile; fileRef = CDA1ECEF26654500005BFB90 /* DocumentManagerProtocol.swift */; };
		CDA1ECF226654538005BFB90 /* DocumentManager.swift in Sources */ = {isa = PBXBuildFile; fileRef = CDA1ECF126654538005BFB90 /* DocumentManager.swift */; };
		CDA1ECF526655B28005BFB90 /* DocumentsStoreTests.swift in Sources */ = {isa = PBXBuildFile; fileRef = CDA1ECF426655B28005BFB90 /* DocumentsStoreTests.swift */; };
		CDA4EF4B2635F2B700AEEE46 /* DocumentNameInputView.swift in Sources */ = {isa = PBXBuildFile; fileRef = CDA4EF4A2635F2B700AEEE46 /* DocumentNameInputView.swift */; };
		CDA4EF5326370F1A00AEEE46 /* FolderView.swift in Sources */ = {isa = PBXBuildFile; fileRef = CDA4EF5226370F1A00AEEE46 /* FolderView.swift */; };
		CDB30BDA263EFF2500B5396E /* SortOption.swift in Sources */ = {isa = PBXBuildFile; fileRef = CDB30BD9263EFF2500B5396E /* SortOption.swift */; };
		CDBB6187266E7BA700DCA1F4 /* ThumbnailViewModel.swift in Sources */ = {isa = PBXBuildFile; fileRef = CDBB6186266E7BA700DCA1F4 /* ThumbnailViewModel.swift */; };
		CDF3BA3A26764D10004143DD /* PhotosUI.framework in Frameworks */ = {isa = PBXBuildFile; fileRef = CDF3BA3926764D10004143DD /* PhotosUI.framework */; };
		CDF3BA3C267670B4004143DD /* PhotoPicker.swift in Sources */ = {isa = PBXBuildFile; fileRef = CDF3BA3B267670B4004143DD /* PhotoPicker.swift */; };
/* End PBXBuildFile section */

/* Begin PBXContainerItemProxy section */
		CD5202662564901F005D463C /* PBXContainerItemProxy */ = {
			isa = PBXContainerItemProxy;
			containerPortal = CD5202472564901B005D463C /* Project object */;
			proxyType = 1;
			remoteGlobalIDString = CD52024E2564901B005D463C;
			remoteInfo = Swiftuiapp;
		};
		CD5202712564901F005D463C /* PBXContainerItemProxy */ = {
			isa = PBXContainerItemProxy;
			containerPortal = CD5202472564901B005D463C /* Project object */;
			proxyType = 1;
			remoteGlobalIDString = CD52024E2564901B005D463C;
			remoteInfo = Swiftuiapp;
		};
/* End PBXContainerItemProxy section */

/* Begin PBXFileReference section */
		CD17BA4A2630525C0066BA12 /* Formatters.swift */ = {isa = PBXFileReference; lastKnownFileType = sourcecode.swift; path = Formatters.swift; sourceTree = "<group>"; };
		CD2F442325671CB100C9F244 /* DocumentPicker.swift */ = {isa = PBXFileReference; lastKnownFileType = sourcecode.swift; path = DocumentPicker.swift; sourceTree = "<group>"; };
		CD52024F2564901B005D463C /* Swiftuiapp.app */ = {isa = PBXFileReference; explicitFileType = wrapper.application; includeInIndex = 0; path = Swiftuiapp.app; sourceTree = BUILT_PRODUCTS_DIR; };
		CD5202522564901B005D463C /* SwiftuiappApp.swift */ = {isa = PBXFileReference; lastKnownFileType = sourcecode.swift; path = SwiftuiappApp.swift; sourceTree = "<group>"; };
		CD5202542564901B005D463C /* ContentView.swift */ = {isa = PBXFileReference; lastKnownFileType = sourcecode.swift; path = ContentView.swift; sourceTree = "<group>"; };
		CD5202562564901F005D463C /* Assets.xcassets */ = {isa = PBXFileReference; lastKnownFileType = folder.assetcatalog; path = Assets.xcassets; sourceTree = "<group>"; };
		CD5202592564901F005D463C /* Preview Assets.xcassets */ = {isa = PBXFileReference; lastKnownFileType = folder.assetcatalog; path = "Preview Assets.xcassets"; sourceTree = "<group>"; };
		CD52025B2564901F005D463C /* Persistence.swift */ = {isa = PBXFileReference; lastKnownFileType = sourcecode.swift; path = Persistence.swift; sourceTree = "<group>"; };
		CD52025E2564901F005D463C /* Swiftuiapp.xcdatamodel */ = {isa = PBXFileReference; lastKnownFileType = wrapper.xcdatamodel; path = Swiftuiapp.xcdatamodel; sourceTree = "<group>"; };
		CD5202602564901F005D463C /* Info.plist */ = {isa = PBXFileReference; lastKnownFileType = text.plist.xml; path = Info.plist; sourceTree = "<group>"; };
		CD5202652564901F005D463C /* SwiftuiappTests.xctest */ = {isa = PBXFileReference; explicitFileType = wrapper.cfbundle; includeInIndex = 0; path = SwiftuiappTests.xctest; sourceTree = BUILT_PRODUCTS_DIR; };
		CD5202692564901F005D463C /* SwiftuiappTests.swift */ = {isa = PBXFileReference; lastKnownFileType = sourcecode.swift; path = SwiftuiappTests.swift; sourceTree = "<group>"; };
		CD52026B2564901F005D463C /* Info.plist */ = {isa = PBXFileReference; lastKnownFileType = text.plist.xml; path = Info.plist; sourceTree = "<group>"; };
		CD5202702564901F005D463C /* SwiftuiappUITests.xctest */ = {isa = PBXFileReference; explicitFileType = wrapper.cfbundle; includeInIndex = 0; path = SwiftuiappUITests.xctest; sourceTree = BUILT_PRODUCTS_DIR; };
		CD5202742564901F005D463C /* SwiftuiappUITests.swift */ = {isa = PBXFileReference; lastKnownFileType = sourcecode.swift; path = SwiftuiappUITests.swift; sourceTree = "<group>"; };
		CD5202762564901F005D463C /* Info.plist */ = {isa = PBXFileReference; lastKnownFileType = text.plist.xml; path = Info.plist; sourceTree = "<group>"; };
		CD535B4C2565CD45003AA085 /* HomeView.swift */ = {isa = PBXFileReference; lastKnownFileType = sourcecode.swift; path = HomeView.swift; sourceTree = "<group>"; };
		CD569364264F91E000B1D509 /* DocumentDetailsViewModel.swift */ = {isa = PBXFileReference; lastKnownFileType = sourcecode.swift; path = DocumentDetailsViewModel.swift; sourceTree = "<group>"; };
		CD569366264F934100B1D509 /* DocumentDetailsViewModelTests.swift */ = {isa = PBXFileReference; lastKnownFileType = sourcecode.swift; path = DocumentDetailsViewModelTests.swift; sourceTree = "<group>"; };
		CD56936A264FA36100B1D509 /* ShortTimestampFormatterTests.swift */ = {isa = PBXFileReference; lastKnownFileType = sourcecode.swift; path = ShortTimestampFormatterTests.swift; sourceTree = "<group>"; };
		CD56936C264FA51A00B1D509 /* DocumentSizeFormatterTests.swift */ = {isa = PBXFileReference; lastKnownFileType = sourcecode.swift; path = DocumentSizeFormatterTests.swift; sourceTree = "<group>"; };
		CD6DD4BD262A2A03003CD1F6 /* Document.swift */ = {isa = PBXFileReference; lastKnownFileType = sourcecode.swift; path = Document.swift; sourceTree = "<group>"; };
		CD6DD4C2262A2AC8003CD1F6 /* DocumentsStore.swift */ = {isa = PBXFileReference; lastKnownFileType = sourcecode.swift; path = DocumentsStore.swift; sourceTree = "<group>"; };
		CD6DD4C8262A3586003CD1F6 /* DocumentRow.swift */ = {isa = PBXFileReference; lastKnownFileType = sourcecode.swift; path = DocumentRow.swift; sourceTree = "<group>"; };
		CD6DD4CD262A37B7003CD1F6 /* DocumentDetails.swift */ = {isa = PBXFileReference; lastKnownFileType = sourcecode.swift; path = DocumentDetails.swift; sourceTree = "<group>"; };
		CD9871BA262CCF0F00CB282E /* DocumentPreviewController.swift */ = {isa = PBXFileReference; lastKnownFileType = sourcecode.swift; path = DocumentPreviewController.swift; sourceTree = "<group>"; };
		CD9871BF262CD49900CB282E /* ThumbnailView.swift */ = {isa = PBXFileReference; lastKnownFileType = sourcecode.swift; path = ThumbnailView.swift; sourceTree = "<group>"; };
		CD9F05FF264ECED400415152 /* DocumentAttributeRow.swift */ = {isa = PBXFileReference; lastKnownFileType = sourcecode.swift; path = DocumentAttributeRow.swift; sourceTree = "<group>"; };
		CDA1ECED2665267E005BFB90 /* SortComparatorTests.swift */ = {isa = PBXFileReference; lastKnownFileType = sourcecode.swift; path = SortComparatorTests.swift; sourceTree = "<group>"; };
		CDA1ECEF26654500005BFB90 /* DocumentManagerProtocol.swift */ = {isa = PBXFileReference; lastKnownFileType = sourcecode.swift; path = DocumentManagerProtocol.swift; sourceTree = "<group>"; };
		CDA1ECF126654538005BFB90 /* DocumentManager.swift */ = {isa = PBXFileReference; lastKnownFileType = sourcecode.swift; path = DocumentManager.swift; sourceTree = "<group>"; };
		CDA1ECF426655B28005BFB90 /* DocumentsStoreTests.swift */ = {isa = PBXFileReference; lastKnownFileType = sourcecode.swift; path = DocumentsStoreTests.swift; sourceTree = "<group>"; };
		CDA4EF4A2635F2B700AEEE46 /* DocumentNameInputView.swift */ = {isa = PBXFileReference; lastKnownFileType = sourcecode.swift; path = DocumentNameInputView.swift; sourceTree = "<group>"; };
		CDA4EF5226370F1A00AEEE46 /* FolderView.swift */ = {isa = PBXFileReference; lastKnownFileType = sourcecode.swift; path = FolderView.swift; sourceTree = "<group>"; };
		CDB30BD9263EFF2500B5396E /* SortOption.swift */ = {isa = PBXFileReference; lastKnownFileType = sourcecode.swift; path = SortOption.swift; sourceTree = "<group>"; };
		CDBB6186266E7BA700DCA1F4 /* ThumbnailViewModel.swift */ = {isa = PBXFileReference; lastKnownFileType = sourcecode.swift; path = ThumbnailViewModel.swift; sourceTree = "<group>"; };
		CDF3BA3726764CC8004143DD /* Photos.framework */ = {isa = PBXFileReference; lastKnownFileType = wrapper.framework; name = Photos.framework; path = System/Library/Frameworks/Photos.framework; sourceTree = SDKROOT; };
		CDF3BA3926764D10004143DD /* PhotosUI.framework */ = {isa = PBXFileReference; lastKnownFileType = wrapper.framework; name = PhotosUI.framework; path = System/Library/Frameworks/PhotosUI.framework; sourceTree = SDKROOT; };
		CDF3BA3B267670B4004143DD /* PhotoPicker.swift */ = {isa = PBXFileReference; lastKnownFileType = sourcecode.swift; path = PhotoPicker.swift; sourceTree = "<group>"; };
/* End PBXFileReference section */

/* Begin PBXFrameworksBuildPhase section */
		CD52024C2564901B005D463C /* Frameworks */ = {
			isa = PBXFrameworksBuildPhase;
			buildActionMask = 2147483647;
			files = (
				CDF3BA3A26764D10004143DD /* PhotosUI.framework in Frameworks */,
			);
			runOnlyForDeploymentPostprocessing = 0;
		};
		CD5202622564901F005D463C /* Frameworks */ = {
			isa = PBXFrameworksBuildPhase;
			buildActionMask = 2147483647;
			files = (
			);
			runOnlyForDeploymentPostprocessing = 0;
		};
		CD52026D2564901F005D463C /* Frameworks */ = {
			isa = PBXFrameworksBuildPhase;
			buildActionMask = 2147483647;
			files = (
			);
			runOnlyForDeploymentPostprocessing = 0;
		};
/* End PBXFrameworksBuildPhase section */

/* Begin PBXGroup section */
		CD17BA49263052380066BA12 /* Utils */ = {
			isa = PBXGroup;
			children = (
				CD17BA4A2630525C0066BA12 /* Formatters.swift */,
				CDB30BD9263EFF2500B5396E /* SortOption.swift */,
			);
			path = Utils;
			sourceTree = "<group>";
		};
		CD2F441325671BF200C9F244 /* Pickers */ = {
			isa = PBXGroup;
			children = (
				CD2F442325671CB100C9F244 /* DocumentPicker.swift */,
				CDF3BA3B267670B4004143DD /* PhotoPicker.swift */,
			);
			path = Pickers;
			sourceTree = "<group>";
		};
		CD2F441425671C0400C9F244 /* Views */ = {
			isa = PBXGroup;
			children = (
				CD5202542564901B005D463C /* ContentView.swift */,
				CD535B4C2565CD45003AA085 /* HomeView.swift */,
				CD6DD4C8262A3586003CD1F6 /* DocumentRow.swift */,
				CD6DD4CD262A37B7003CD1F6 /* DocumentDetails.swift */,
				CD9F05FF264ECED400415152 /* DocumentAttributeRow.swift */,
				CDA4EF4A2635F2B700AEEE46 /* DocumentNameInputView.swift */,
				CD9871BA262CCF0F00CB282E /* DocumentPreviewController.swift */,
				CDA4EF5226370F1A00AEEE46 /* FolderView.swift */,
				CD9871BF262CD49900CB282E /* ThumbnailView.swift */,
			);
			path = Views;
			sourceTree = "<group>";
		};
		CD2F441E25671C2F00C9F244 /* Model */ = {
			isa = PBXGroup;
			children = (
				CD52025B2564901F005D463C /* Persistence.swift */,
				CD52025D2564901F005D463C /* Swiftuiapp.xcdatamodeld */,
				CD6DD4BD262A2A03003CD1F6 /* Document.swift */,
				CD6DD4C2262A2AC8003CD1F6 /* DocumentsStore.swift */,
				CDA1ECEF26654500005BFB90 /* DocumentManagerProtocol.swift */,
				CDA1ECF126654538005BFB90 /* DocumentManager.swift */,
			);
			path = Model;
			sourceTree = "<group>";
		};
		CD2F442225671C4700C9F244 /* Resources */ = {
			isa = PBXGroup;
			children = (
				CD5202562564901F005D463C /* Assets.xcassets */,
			);
			path = Resources;
			sourceTree = "<group>";
		};
		CD5202462564901B005D463C = {
			isa = PBXGroup;
			children = (
				CD5202512564901B005D463C /* Swiftuiapp */,
				CD5202682564901F005D463C /* SwiftuiappTests */,
				CD5202732564901F005D463C /* SwiftuiappUITests */,
				CD5202502564901B005D463C /* Products */,
				CDF3BA3626764CC8004143DD /* Frameworks */,
			);
			sourceTree = "<group>";
		};
		CD5202502564901B005D463C /* Products */ = {
			isa = PBXGroup;
			children = (
				CD52024F2564901B005D463C /* Swiftuiapp.app */,
				CD5202652564901F005D463C /* SwiftuiappTests.xctest */,
				CD5202702564901F005D463C /* SwiftuiappUITests.xctest */,
			);
			name = Products;
			sourceTree = "<group>";
		};
		CD5202512564901B005D463C /* Swiftuiapp */ = {
			isa = PBXGroup;
			children = (
				CD5202602564901F005D463C /* Info.plist */,
				CD5202522564901B005D463C /* SwiftuiappApp.swift */,
				CD2F441425671C0400C9F244 /* Views */,
				CD569363264F919300B1D509 /* ViewModels */,
				CD2F441325671BF200C9F244 /* Pickers */,
				CD2F441E25671C2F00C9F244 /* Model */,
				CD17BA49263052380066BA12 /* Utils */,
				CD5202582564901F005D463C /* Preview Content */,
				CD2F442225671C4700C9F244 /* Resources */,
			);
			path = Swiftuiapp;
			sourceTree = "<group>";
		};
		CD5202582564901F005D463C /* Preview Content */ = {
			isa = PBXGroup;
			children = (
				CD5202592564901F005D463C /* Preview Assets.xcassets */,
			);
			path = "Preview Content";
			sourceTree = "<group>";
		};
		CD5202682564901F005D463C /* SwiftuiappTests */ = {
			isa = PBXGroup;
			children = (
				CDA1ECF326655B04005BFB90 /* ModelTests */,
				CD569369264FA34B00B1D509 /* UtilsTests */,
				CD569368264F934900B1D509 /* ViewModelsTests */,
				CD5202692564901F005D463C /* SwiftuiappTests.swift */,
				CD52026B2564901F005D463C /* Info.plist */,
			);
			path = SwiftuiappTests;
			sourceTree = "<group>";
		};
		CD5202732564901F005D463C /* SwiftuiappUITests */ = {
			isa = PBXGroup;
			children = (
				CD5202742564901F005D463C /* SwiftuiappUITests.swift */,
				CD5202762564901F005D463C /* Info.plist */,
			);
			path = SwiftuiappUITests;
			sourceTree = "<group>";
		};
		CD569363264F919300B1D509 /* ViewModels */ = {
			isa = PBXGroup;
			children = (
				CD569364264F91E000B1D509 /* DocumentDetailsViewModel.swift */,
				CDBB6186266E7BA700DCA1F4 /* ThumbnailViewModel.swift */,
			);
			path = ViewModels;
			sourceTree = "<group>";
		};
		CD569368264F934900B1D509 /* ViewModelsTests */ = {
			isa = PBXGroup;
			children = (
				CD569366264F934100B1D509 /* DocumentDetailsViewModelTests.swift */,
			);
			path = ViewModelsTests;
			sourceTree = "<group>";
		};
		CD569369264FA34B00B1D509 /* UtilsTests */ = {
			isa = PBXGroup;
			children = (
				CD56936A264FA36100B1D509 /* ShortTimestampFormatterTests.swift */,
				CD56936C264FA51A00B1D509 /* DocumentSizeFormatterTests.swift */,
				CDA1ECED2665267E005BFB90 /* SortComparatorTests.swift */,
			);
			path = UtilsTests;
			sourceTree = "<group>";
		};
		CDA1ECF326655B04005BFB90 /* ModelTests */ = {
			isa = PBXGroup;
			children = (
				CDA1ECF426655B28005BFB90 /* DocumentsStoreTests.swift */,
			);
			path = ModelTests;
			sourceTree = "<group>";
		};
		CDF3BA3626764CC8004143DD /* Frameworks */ = {
			isa = PBXGroup;
			children = (
				CDF3BA3926764D10004143DD /* PhotosUI.framework */,
				CDF3BA3726764CC8004143DD /* Photos.framework */,
			);
			name = Frameworks;
			sourceTree = "<group>";
		};
/* End PBXGroup section */

/* Begin PBXNativeTarget section */
		CD52024E2564901B005D463C /* Swiftuiapp */ = {
			isa = PBXNativeTarget;
			buildConfigurationList = CD5202792564901F005D463C /* Build configuration list for PBXNativeTarget "Swiftuiapp" */;
			buildPhases = (
				CD52024B2564901B005D463C /* Sources */,
				CD52024C2564901B005D463C /* Frameworks */,
				CD52024D2564901B005D463C /* Resources */,
			);
			buildRules = (
			);
			dependencies = (
			);
			name = Swiftuiapp;
			productName = Swiftuiapp;
			productReference = CD52024F2564901B005D463C /* Swiftuiapp.app */;
			productType = "com.apple.product-type.application";
		};
		CD5202642564901F005D463C /* SwiftuiappTests */ = {
			isa = PBXNativeTarget;
			buildConfigurationList = CD52027C2564901F005D463C /* Build configuration list for PBXNativeTarget "SwiftuiappTests" */;
			buildPhases = (
				CD5202612564901F005D463C /* Sources */,
				CD5202622564901F005D463C /* Frameworks */,
				CD5202632564901F005D463C /* Resources */,
			);
			buildRules = (
			);
			dependencies = (
				CD5202672564901F005D463C /* PBXTargetDependency */,
			);
			name = SwiftuiappTests;
			productName = SwiftuiappTests;
			productReference = CD5202652564901F005D463C /* SwiftuiappTests.xctest */;
			productType = "com.apple.product-type.bundle.unit-test";
		};
		CD52026F2564901F005D463C /* SwiftuiappUITests */ = {
			isa = PBXNativeTarget;
			buildConfigurationList = CD52027F2564901F005D463C /* Build configuration list for PBXNativeTarget "SwiftuiappUITests" */;
			buildPhases = (
				CD52026C2564901F005D463C /* Sources */,
				CD52026D2564901F005D463C /* Frameworks */,
				CD52026E2564901F005D463C /* Resources */,
			);
			buildRules = (
			);
			dependencies = (
				CD5202722564901F005D463C /* PBXTargetDependency */,
			);
			name = SwiftuiappUITests;
			productName = SwiftuiappUITests;
			productReference = CD5202702564901F005D463C /* SwiftuiappUITests.xctest */;
			productType = "com.apple.product-type.bundle.ui-testing";
		};
/* End PBXNativeTarget section */

/* Begin PBXProject section */
		CD5202472564901B005D463C /* Project object */ = {
			isa = PBXProject;
			attributes = {
				LastSwiftUpdateCheck = 1200;
				LastUpgradeCheck = 1200;
				TargetAttributes = {
					CD52024E2564901B005D463C = {
						CreatedOnToolsVersion = 12.0;
					};
					CD5202642564901F005D463C = {
						CreatedOnToolsVersion = 12.0;
						TestTargetID = CD52024E2564901B005D463C;
					};
					CD52026F2564901F005D463C = {
						CreatedOnToolsVersion = 12.0;
						TestTargetID = CD52024E2564901B005D463C;
					};
				};
			};
			buildConfigurationList = CD52024A2564901B005D463C /* Build configuration list for PBXProject "Swiftuiapp" */;
			compatibilityVersion = "Xcode 9.3";
			developmentRegion = en;
			hasScannedForEncodings = 0;
			knownRegions = (
				en,
				Base,
			);
			mainGroup = CD5202462564901B005D463C;
			productRefGroup = CD5202502564901B005D463C /* Products */;
			projectDirPath = "";
			projectRoot = "";
			targets = (
				CD52024E2564901B005D463C /* Swiftuiapp */,
				CD5202642564901F005D463C /* SwiftuiappTests */,
				CD52026F2564901F005D463C /* SwiftuiappUITests */,
			);
		};
/* End PBXProject section */

/* Begin PBXResourcesBuildPhase section */
		CD52024D2564901B005D463C /* Resources */ = {
			isa = PBXResourcesBuildPhase;
			buildActionMask = 2147483647;
			files = (
				CD52025A2564901F005D463C /* Preview Assets.xcassets in Resources */,
				CD5202572564901F005D463C /* Assets.xcassets in Resources */,
			);
			runOnlyForDeploymentPostprocessing = 0;
		};
		CD5202632564901F005D463C /* Resources */ = {
			isa = PBXResourcesBuildPhase;
			buildActionMask = 2147483647;
			files = (
			);
			runOnlyForDeploymentPostprocessing = 0;
		};
		CD52026E2564901F005D463C /* Resources */ = {
			isa = PBXResourcesBuildPhase;
			buildActionMask = 2147483647;
			files = (
			);
			runOnlyForDeploymentPostprocessing = 0;
		};
/* End PBXResourcesBuildPhase section */

/* Begin PBXSourcesBuildPhase section */
		CD52024B2564901B005D463C /* Sources */ = {
			isa = PBXSourcesBuildPhase;
			buildActionMask = 2147483647;
			files = (
				CD6DD4C9262A3586003CD1F6 /* DocumentRow.swift in Sources */,
				CD17BA4B2630525C0066BA12 /* Formatters.swift in Sources */,
				CD52025C2564901F005D463C /* Persistence.swift in Sources */,
				CD5202552564901B005D463C /* ContentView.swift in Sources */,
				CD9F0600264ECED400415152 /* DocumentAttributeRow.swift in Sources */,
				CD6DD4CE262A37B7003CD1F6 /* DocumentDetails.swift in Sources */,
				CDA4EF5326370F1A00AEEE46 /* FolderView.swift in Sources */,
				CDA1ECF026654500005BFB90 /* DocumentManagerProtocol.swift in Sources */,
				CD5202532564901B005D463C /* SwiftuiappApp.swift in Sources */,
				CD535B4D2565CD45003AA085 /* HomeView.swift in Sources */,
				CD2F442425671CB100C9F244 /* DocumentPicker.swift in Sources */,
				CD6DD4BE262A2A03003CD1F6 /* Document.swift in Sources */,
				CDF3BA3C267670B4004143DD /* PhotoPicker.swift in Sources */,
				CDA4EF4B2635F2B700AEEE46 /* DocumentNameInputView.swift in Sources */,
				CDBB6187266E7BA700DCA1F4 /* ThumbnailViewModel.swift in Sources */,
				CD6DD4C3262A2AC8003CD1F6 /* DocumentsStore.swift in Sources */,
				CDA1ECF226654538005BFB90 /* DocumentManager.swift in Sources */,
				CDB30BDA263EFF2500B5396E /* SortOption.swift in Sources */,
				CD569365264F91E000B1D509 /* DocumentDetailsViewModel.swift in Sources */,
				CD9871C0262CD49900CB282E /* ThumbnailView.swift in Sources */,
				CD9871BB262CCF0F00CB282E /* DocumentPreviewController.swift in Sources */,
				CD52025F2564901F005D463C /* Swiftuiapp.xcdatamodeld in Sources */,
			);
			runOnlyForDeploymentPostprocessing = 0;
		};
		CD5202612564901F005D463C /* Sources */ = {
			isa = PBXSourcesBuildPhase;
			buildActionMask = 2147483647;
			files = (
				CD56936D264FA51A00B1D509 /* DocumentSizeFormatterTests.swift in Sources */,
				CD569367264F934100B1D509 /* DocumentDetailsViewModelTests.swift in Sources */,
				CD56936B264FA36100B1D509 /* ShortTimestampFormatterTests.swift in Sources */,
				CD52026A2564901F005D463C /* SwiftuiappTests.swift in Sources */,
				CDA1ECF526655B28005BFB90 /* DocumentsStoreTests.swift in Sources */,
				CDA1ECEE2665267E005BFB90 /* SortComparatorTests.swift in Sources */,
			);
			runOnlyForDeploymentPostprocessing = 0;
		};
		CD52026C2564901F005D463C /* Sources */ = {
			isa = PBXSourcesBuildPhase;
			buildActionMask = 2147483647;
			files = (
				CD5202752564901F005D463C /* SwiftuiappUITests.swift in Sources */,
			);
			runOnlyForDeploymentPostprocessing = 0;
		};
/* End PBXSourcesBuildPhase section */

/* Begin PBXTargetDependency section */
		CD5202672564901F005D463C /* PBXTargetDependency */ = {
			isa = PBXTargetDependency;
			target = CD52024E2564901B005D463C /* Swiftuiapp */;
			targetProxy = CD5202662564901F005D463C /* PBXContainerItemProxy */;
		};
		CD5202722564901F005D463C /* PBXTargetDependency */ = {
			isa = PBXTargetDependency;
			target = CD52024E2564901B005D463C /* Swiftuiapp */;
			targetProxy = CD5202712564901F005D463C /* PBXContainerItemProxy */;
		};
/* End PBXTargetDependency section */

/* Begin XCBuildConfiguration section */
		CD5202772564901F005D463C /* Debug */ = {
			isa = XCBuildConfiguration;
			buildSettings = {
				ALWAYS_SEARCH_USER_PATHS = NO;
				CLANG_ANALYZER_NONNULL = YES;
				CLANG_ANALYZER_NUMBER_OBJECT_CONVERSION = YES_AGGRESSIVE;
				CLANG_CXX_LANGUAGE_STANDARD = "gnu++14";
				CLANG_CXX_LIBRARY = "libc++";
				CLANG_ENABLE_MODULES = YES;
				CLANG_ENABLE_OBJC_ARC = YES;
				CLANG_ENABLE_OBJC_WEAK = YES;
				CLANG_WARN_BLOCK_CAPTURE_AUTORELEASING = YES;
				CLANG_WARN_BOOL_CONVERSION = YES;
				CLANG_WARN_COMMA = YES;
				CLANG_WARN_CONSTANT_CONVERSION = YES;
				CLANG_WARN_DEPRECATED_OBJC_IMPLEMENTATIONS = YES;
				CLANG_WARN_DIRECT_OBJC_ISA_USAGE = YES_ERROR;
				CLANG_WARN_DOCUMENTATION_COMMENTS = YES;
				CLANG_WARN_EMPTY_BODY = YES;
				CLANG_WARN_ENUM_CONVERSION = YES;
				CLANG_WARN_INFINITE_RECURSION = YES;
				CLANG_WARN_INT_CONVERSION = YES;
				CLANG_WARN_NON_LITERAL_NULL_CONVERSION = YES;
				CLANG_WARN_OBJC_IMPLICIT_RETAIN_SELF = YES;
				CLANG_WARN_OBJC_LITERAL_CONVERSION = YES;
				CLANG_WARN_OBJC_ROOT_CLASS = YES_ERROR;
				CLANG_WARN_QUOTED_INCLUDE_IN_FRAMEWORK_HEADER = YES;
				CLANG_WARN_RANGE_LOOP_ANALYSIS = YES;
				CLANG_WARN_STRICT_PROTOTYPES = YES;
				CLANG_WARN_SUSPICIOUS_MOVE = YES;
				CLANG_WARN_UNGUARDED_AVAILABILITY = YES_AGGRESSIVE;
				CLANG_WARN_UNREACHABLE_CODE = YES;
				CLANG_WARN__DUPLICATE_METHOD_MATCH = YES;
				COPY_PHASE_STRIP = NO;
				DEBUG_INFORMATION_FORMAT = dwarf;
				ENABLE_STRICT_OBJC_MSGSEND = YES;
				ENABLE_TESTABILITY = YES;
				GCC_C_LANGUAGE_STANDARD = gnu11;
				GCC_DYNAMIC_NO_PIC = NO;
				GCC_NO_COMMON_BLOCKS = YES;
				GCC_OPTIMIZATION_LEVEL = 0;
				GCC_PREPROCESSOR_DEFINITIONS = (
					"DEBUG=1",
					"$(inherited)",
				);
				GCC_WARN_64_TO_32_BIT_CONVERSION = YES;
				GCC_WARN_ABOUT_RETURN_TYPE = YES_ERROR;
				GCC_WARN_UNDECLARED_SELECTOR = YES;
				GCC_WARN_UNINITIALIZED_AUTOS = YES_AGGRESSIVE;
				GCC_WARN_UNUSED_FUNCTION = YES;
				GCC_WARN_UNUSED_VARIABLE = YES;
				IPHONEOS_DEPLOYMENT_TARGET = 15.0;
				MTL_ENABLE_DEBUG_INFO = INCLUDE_SOURCE;
				MTL_FAST_MATH = YES;
				ONLY_ACTIVE_ARCH = YES;
				SDKROOT = iphoneos;
				SWIFT_ACTIVE_COMPILATION_CONDITIONS = DEBUG;
				SWIFT_OPTIMIZATION_LEVEL = "-Onone";
			};
			name = Debug;
		};
		CD5202782564901F005D463C /* Release */ = {
			isa = XCBuildConfiguration;
			buildSettings = {
				ALWAYS_SEARCH_USER_PATHS = NO;
				CLANG_ANALYZER_NONNULL = YES;
				CLANG_ANALYZER_NUMBER_OBJECT_CONVERSION = YES_AGGRESSIVE;
				CLANG_CXX_LANGUAGE_STANDARD = "gnu++14";
				CLANG_CXX_LIBRARY = "libc++";
				CLANG_ENABLE_MODULES = YES;
				CLANG_ENABLE_OBJC_ARC = YES;
				CLANG_ENABLE_OBJC_WEAK = YES;
				CLANG_WARN_BLOCK_CAPTURE_AUTORELEASING = YES;
				CLANG_WARN_BOOL_CONVERSION = YES;
				CLANG_WARN_COMMA = YES;
				CLANG_WARN_CONSTANT_CONVERSION = YES;
				CLANG_WARN_DEPRECATED_OBJC_IMPLEMENTATIONS = YES;
				CLANG_WARN_DIRECT_OBJC_ISA_USAGE = YES_ERROR;
				CLANG_WARN_DOCUMENTATION_COMMENTS = YES;
				CLANG_WARN_EMPTY_BODY = YES;
				CLANG_WARN_ENUM_CONVERSION = YES;
				CLANG_WARN_INFINITE_RECURSION = YES;
				CLANG_WARN_INT_CONVERSION = YES;
				CLANG_WARN_NON_LITERAL_NULL_CONVERSION = YES;
				CLANG_WARN_OBJC_IMPLICIT_RETAIN_SELF = YES;
				CLANG_WARN_OBJC_LITERAL_CONVERSION = YES;
				CLANG_WARN_OBJC_ROOT_CLASS = YES_ERROR;
				CLANG_WARN_QUOTED_INCLUDE_IN_FRAMEWORK_HEADER = YES;
				CLANG_WARN_RANGE_LOOP_ANALYSIS = YES;
				CLANG_WARN_STRICT_PROTOTYPES = YES;
				CLANG_WARN_SUSPICIOUS_MOVE = YES;
				CLANG_WARN_UNGUARDED_AVAILABILITY = YES_AGGRESSIVE;
				CLANG_WARN_UNREACHABLE_CODE = YES;
				CLANG_WARN__DUPLICATE_METHOD_MATCH = YES;
				COPY_PHASE_STRIP = NO;
				DEBUG_INFORMATION_FORMAT = "dwarf-with-dsym";
				ENABLE_NS_ASSERTIONS = NO;
				ENABLE_STRICT_OBJC_MSGSEND = YES;
				GCC_C_LANGUAGE_STANDARD = gnu11;
				GCC_NO_COMMON_BLOCKS = YES;
				GCC_WARN_64_TO_32_BIT_CONVERSION = YES;
				GCC_WARN_ABOUT_RETURN_TYPE = YES_ERROR;
				GCC_WARN_UNDECLARED_SELECTOR = YES;
				GCC_WARN_UNINITIALIZED_AUTOS = YES_AGGRESSIVE;
				GCC_WARN_UNUSED_FUNCTION = YES;
				GCC_WARN_UNUSED_VARIABLE = YES;
				IPHONEOS_DEPLOYMENT_TARGET = 15.0;
				MTL_ENABLE_DEBUG_INFO = NO;
				MTL_FAST_MATH = YES;
				SDKROOT = iphoneos;
				SWIFT_COMPILATION_MODE = wholemodule;
				SWIFT_OPTIMIZATION_LEVEL = "-O";
				VALIDATE_PRODUCT = YES;
			};
			name = Release;
		};
		CD52027A2564901F005D463C /* Debug */ = {
			isa = XCBuildConfiguration;
			buildSettings = {
				ASSETCATALOG_COMPILER_APPICON_NAME = AppIcon;
				ASSETCATALOG_COMPILER_GLOBAL_ACCENT_COLOR_NAME = AccentColor;
				CODE_SIGN_STYLE = Automatic;
				DEVELOPMENT_ASSET_PATHS = "\"Swiftuiapp/Preview Content\"";
				ENABLE_PREVIEWS = YES;
				INFOPLIST_FILE = Swiftuiapp/Info.plist;
				IPHONEOS_DEPLOYMENT_TARGET = 15.0;
				LD_RUNPATH_SEARCH_PATHS = (
					"$(inherited)",
					"@executable_path/Frameworks",
				);
				PRODUCT_BUNDLE_IDENTIFIER = in.ntsh.Swiftuiapp;
				PRODUCT_NAME = "$(TARGET_NAME)";
				SWIFT_VERSION = 5.0;
				TARGETED_DEVICE_FAMILY = "1,2";
			};
			name = Debug;
		};
		CD52027B2564901F005D463C /* Release */ = {
			isa = XCBuildConfiguration;
			buildSettings = {
				ASSETCATALOG_COMPILER_APPICON_NAME = AppIcon;
				ASSETCATALOG_COMPILER_GLOBAL_ACCENT_COLOR_NAME = AccentColor;
				CODE_SIGN_STYLE = Automatic;
				DEVELOPMENT_ASSET_PATHS = "\"Swiftuiapp/Preview Content\"";
				ENABLE_PREVIEWS = YES;
				INFOPLIST_FILE = Swiftuiapp/Info.plist;
				IPHONEOS_DEPLOYMENT_TARGET = 15.0;
				LD_RUNPATH_SEARCH_PATHS = (
					"$(inherited)",
					"@executable_path/Frameworks",
				);
				PRODUCT_BUNDLE_IDENTIFIER = in.ntsh.Swiftuiapp;
				PRODUCT_NAME = "$(TARGET_NAME)";
				SWIFT_VERSION = 5.0;
				TARGETED_DEVICE_FAMILY = "1,2";
			};
			name = Release;
		};
		CD52027D2564901F005D463C /* Debug */ = {
			isa = XCBuildConfiguration;
			buildSettings = {
				ALWAYS_EMBED_SWIFT_STANDARD_LIBRARIES = YES;
				BUNDLE_LOADER = "$(TEST_HOST)";
				CODE_SIGN_STYLE = Automatic;
				INFOPLIST_FILE = SwiftuiappTests/Info.plist;
				IPHONEOS_DEPLOYMENT_TARGET = 15.0;
				LD_RUNPATH_SEARCH_PATHS = (
					"$(inherited)",
					"@executable_path/Frameworks",
					"@loader_path/Frameworks",
				);
				PRODUCT_BUNDLE_IDENTIFIER = in.ntsh.SwiftuiappTests;
				PRODUCT_NAME = "$(TARGET_NAME)";
				SWIFT_VERSION = 5.0;
				TARGETED_DEVICE_FAMILY = "1,2";
				TEST_HOST = "$(BUILT_PRODUCTS_DIR)/Swiftuiapp.app/Swiftuiapp";
			};
			name = Debug;
		};
		CD52027E2564901F005D463C /* Release */ = {
			isa = XCBuildConfiguration;
			buildSettings = {
				ALWAYS_EMBED_SWIFT_STANDARD_LIBRARIES = YES;
				BUNDLE_LOADER = "$(TEST_HOST)";
				CODE_SIGN_STYLE = Automatic;
				INFOPLIST_FILE = SwiftuiappTests/Info.plist;
				IPHONEOS_DEPLOYMENT_TARGET = 15.0;
				LD_RUNPATH_SEARCH_PATHS = (
					"$(inherited)",
					"@executable_path/Frameworks",
					"@loader_path/Frameworks",
				);
				PRODUCT_BUNDLE_IDENTIFIER = in.ntsh.SwiftuiappTests;
				PRODUCT_NAME = "$(TARGET_NAME)";
				SWIFT_VERSION = 5.0;
				TARGETED_DEVICE_FAMILY = "1,2";
				TEST_HOST = "$(BUILT_PRODUCTS_DIR)/Swiftuiapp.app/Swiftuiapp";
			};
			name = Release;
		};
		CD5202802564901F005D463C /* Debug */ = {
			isa = XCBuildConfiguration;
			buildSettings = {
				ALWAYS_EMBED_SWIFT_STANDARD_LIBRARIES = YES;
				CODE_SIGN_STYLE = Automatic;
				INFOPLIST_FILE = SwiftuiappUITests/Info.plist;
				LD_RUNPATH_SEARCH_PATHS = (
					"$(inherited)",
					"@executable_path/Frameworks",
					"@loader_path/Frameworks",
				);
				PRODUCT_BUNDLE_IDENTIFIER = in.ntsh.SwiftuiappUITests;
				PRODUCT_NAME = "$(TARGET_NAME)";
				SWIFT_VERSION = 5.0;
				TARGETED_DEVICE_FAMILY = "1,2";
				TEST_TARGET_NAME = Swiftuiapp;
			};
			name = Debug;
		};
		CD5202812564901F005D463C /* Release */ = {
			isa = XCBuildConfiguration;
			buildSettings = {
				ALWAYS_EMBED_SWIFT_STANDARD_LIBRARIES = YES;
				CODE_SIGN_STYLE = Automatic;
				INFOPLIST_FILE = SwiftuiappUITests/Info.plist;
				LD_RUNPATH_SEARCH_PATHS = (
					"$(inherited)",
					"@executable_path/Frameworks",
					"@loader_path/Frameworks",
				);
				PRODUCT_BUNDLE_IDENTIFIER = in.ntsh.SwiftuiappUITests;
				PRODUCT_NAME = "$(TARGET_NAME)";
				SWIFT_VERSION = 5.0;
				TARGETED_DEVICE_FAMILY = "1,2";
				TEST_TARGET_NAME = Swiftuiapp;
			};
			name = Release;
		};
/* End XCBuildConfiguration section */

/* Begin XCConfigurationList section */
		CD52024A2564901B005D463C /* Build configuration list for PBXProject "Swiftuiapp" */ = {
			isa = XCConfigurationList;
			buildConfigurations = (
				CD5202772564901F005D463C /* Debug */,
				CD5202782564901F005D463C /* Release */,
			);
			defaultConfigurationIsVisible = 0;
			defaultConfigurationName = Release;
		};
		CD5202792564901F005D463C /* Build configuration list for PBXNativeTarget "Swiftuiapp" */ = {
			isa = XCConfigurationList;
			buildConfigurations = (
				CD52027A2564901F005D463C /* Debug */,
				CD52027B2564901F005D463C /* Release */,
			);
			defaultConfigurationIsVisible = 0;
			defaultConfigurationName = Release;
		};
		CD52027C2564901F005D463C /* Build configuration list for PBXNativeTarget "SwiftuiappTests" */ = {
			isa = XCConfigurationList;
			buildConfigurations = (
				CD52027D2564901F005D463C /* Debug */,
				CD52027E2564901F005D463C /* Release */,
			);
			defaultConfigurationIsVisible = 0;
			defaultConfigurationName = Release;
		};
		CD52027F2564901F005D463C /* Build configuration list for PBXNativeTarget "SwiftuiappUITests" */ = {
			isa = XCConfigurationList;
			buildConfigurations = (
				CD5202802564901F005D463C /* Debug */,
				CD5202812564901F005D463C /* Release */,
			);
			defaultConfigurationIsVisible = 0;
			defaultConfigurationName = Release;
		};
/* End XCConfigurationList section */

/* Begin XCVersionGroup section */
		CD52025D2564901F005D463C /* Swiftuiapp.xcdatamodeld */ = {
			isa = XCVersionGroup;
			children = (
				CD52025E2564901F005D463C /* Swiftuiapp.xcdatamodel */,
			);
			currentVersion = CD52025E2564901F005D463C /* Swiftuiapp.xcdatamodel */;
			path = Swiftuiapp.xcdatamodeld;
			sourceTree = "<group>";
			versionGroupType = wrapper.xcdatamodel;
		};
/* End XCVersionGroup section */
	};
	rootObject = CD5202472564901B005D463C /* Project object */;
}
