{
  "pins" : [
    {
      "identity" : "filepreviews",
      "kind" : "remoteSourceControl",
      "location" : "https://github.com/ntsh/FilePreviews.git",
      "state" : {
        "revision" : "fd024b8084442d35ac8ae4451207f65e98199852",
        "version" : "0.2.0"
      }
    }
  ],
  "version" : 2
}
